
Microsoft Visual Studio Solution File, Format Version 12.00
# Visual Studio 15
VisualStudioVersion = 15.0.28307.1000
MinimumVisualStudioVersion = 10.0.40219.1
Project("{FAE04EC0-301F-11D3-BF4B-00C04F79EFBC}") = "Shapes", "Shapes\Shapes.csproj", "{DE94F2CE-2D21-4545-88AB-C1063AAB6C6C}"
EndProject
Global
	GlobalSection(SolutionConfigurationPlatforms) = preSolution
		Debug|Any CPU = Debug|Any CPU
		Release|Any CPU = Release|Any CPU
	EndGlobalSection
	GlobalSection(ProjectConfigurationPlatforms) = postSolution
		{DE94F2CE-2D21-4545-88AB-C1063AAB6C6C}.Debug|Any CPU.ActiveCfg = Debug|Any CPU
		{DE94F2CE-2D21-4545-88AB-C1063AAB6C6C}.Debug|Any CPU.Build.0 = Debug|Any CPU
		{DE94F2CE-2D21-4545-88AB-C1063AAB6C6C}.Release|Any CPU.ActiveCfg = Release|Any CPU
		{DE94F2CE-2D21-4545-88AB-C1063AAB6C6C}.Release|Any CPU.Build.0 = Release|Any CPU
	EndGlobalSection
	GlobalSection(SolutionProperties) = preSolution
		HideSolutionNode = FALSE
	EndGlobalSection
	GlobalSection(ExtensibilityGlobals) = postSolution
		SolutionGuid = {7C07BFAD-05F8-4CE2-ACB7-3074AF97B827}
	EndGlobalSection
EndGlobal
